
Microsoft Visual Studio Solution File, Format Version 12.00
# Visual Studio Version 17
VisualStudioVersion = 17.3.32819.101
MinimumVisualStudioVersion = 10.0.40219.1
Project("{9A19103F-16F7-4668-BE54-9A1E7A4F7556}") = "Client", "Client\Client.csproj", "{22DD38B7-F76F-4609-9E10-3056F19A5870}"
EndProject
Project("{9A19103F-16F7-4668-BE54-9A1E7A4F7556}") = "Server", "Server\Server.csproj", "{ED982E22-1DA4-4091-B71B-15E1E7833875}"
EndProject
Project("{FAE04EC0-301F-11D3-BF4B-00C04F79EFBC}") = "Client2", "Client2\Client2.csproj", "{0F33F2AC-F9E7-4C2E-80AB-EC22C6390519}"
EndProject
Project("{FAE04EC0-301F-11D3-BF4B-00C04F79EFBC}") = "TcpClient", "TcpClient\TcpClient.csproj", "{038892DC-6C01-42C0-9D25-4720279C436D}"
EndProject
Project("{FAE04EC0-301F-11D3-BF4B-00C04F79EFBC}") = "TcpServer", "TcpServer\TcpServer.csproj", "{C66F81B3-F39E-4E90-AF01-2D63DDA4B80D}"
EndProject
Project("{2150E333-8FDC-42A3-9474-1A3956D46DE8}") = "Standard", "Standard", "{B140127C-5A54-4C0F-84F5-0619D925B71E}"
EndProject
Project("{2150E333-8FDC-42A3-9474-1A3956D46DE8}") = "Tcp", "Tcp", "{B5DF849A-5773-488E-A67B-F9548E844E03}"
EndProject
Project("{2150E333-8FDC-42A3-9474-1A3956D46DE8}") = "Udp", "Udp", "{035F1EF7-1D97-4BFA-BA4B-A58C2CB9B12B}"
EndProject
Project("{FAE04EC0-301F-11D3-BF4B-00C04F79EFBC}") = "TcpClient2", "TcpClient2\TcpClient2.csproj", "{7FBADE4A-FECD-4BBF-9ED0-98C5447D5CA8}"
EndProject
Project("{FAE04EC0-301F-11D3-BF4B-00C04F79EFBC}") = "UdpServer", "UdpServer\UdpServer.csproj", "{559197D0-AF0B-485B-8FEC-443040A86E49}"
EndProject
Project("{FAE04EC0-301F-11D3-BF4B-00C04F79EFBC}") = "UdpClient", "UdpClient\UdpClient.csproj", "{3DD76997-81DE-4A34-8CB3-002615D69107}"
EndProject
Project("{FAE04EC0-301F-11D3-BF4B-00C04F79EFBC}") = "UdpClient2", "UdpClient2\UdpClient2.csproj", "{CB311CDC-3323-4D1F-A115-7FAABB979A7B}"
EndProject
Global
	GlobalSection(SolutionConfigurationPlatforms) = preSolution
		Debug|Any CPU = Debug|Any CPU
		Release|Any CPU = Release|Any CPU
	EndGlobalSection
	GlobalSection(ProjectConfigurationPlatforms) = postSolution
		{22DD38B7-F76F-4609-9E10-3056F19A5870}.Debug|Any CPU.ActiveCfg = Debug|Any CPU
		{22DD38B7-F76F-4609-9E10-3056F19A5870}.Debug|Any CPU.Build.0 = Debug|Any CPU
		{22DD38B7-F76F-4609-9E10-3056F19A5870}.Release|Any CPU.ActiveCfg = Release|Any CPU
		{22DD38B7-F76F-4609-9E10-3056F19A5870}.Release|Any CPU.Build.0 = Release|Any CPU
		{ED982E22-1DA4-4091-B71B-15E1E7833875}.Debug|Any CPU.ActiveCfg = Debug|Any CPU
		{ED982E22-1DA4-4091-B71B-15E1E7833875}.Debug|Any CPU.Build.0 = Debug|Any CPU
		{ED982E22-1DA4-4091-B71B-15E1E7833875}.Release|Any CPU.ActiveCfg = Release|Any CPU
		{ED982E22-1DA4-4091-B71B-15E1E7833875}.Release|Any CPU.Build.0 = Release|Any CPU
		{0F33F2AC-F9E7-4C2E-80AB-EC22C6390519}.Debug|Any CPU.ActiveCfg = Debug|Any CPU
		{0F33F2AC-F9E7-4C2E-80AB-EC22C6390519}.Debug|Any CPU.Build.0 = Debug|Any CPU
		{0F33F2AC-F9E7-4C2E-80AB-EC22C6390519}.Release|Any CPU.ActiveCfg = Release|Any CPU
		{0F33F2AC-F9E7-4C2E-80AB-EC22C6390519}.Release|Any CPU.Build.0 = Release|Any CPU
		{038892DC-6C01-42C0-9D25-4720279C436D}.Debug|Any CPU.ActiveCfg = Debug|Any CPU
		{038892DC-6C01-42C0-9D25-4720279C436D}.Debug|Any CPU.Build.0 = Debug|Any CPU
		{038892DC-6C01-42C0-9D25-4720279C436D}.Release|Any CPU.ActiveCfg = Release|Any CPU
		{038892DC-6C01-42C0-9D25-4720279C436D}.Release|Any CPU.Build.0 = Release|Any CPU
		{C66F81B3-F39E-4E90-AF01-2D63DDA4B80D}.Debug|Any CPU.ActiveCfg = Debug|Any CPU
		{C66F81B3-F39E-4E90-AF01-2D63DDA4B80D}.Debug|Any CPU.Build.0 = Debug|Any CPU
		{C66F81B3-F39E-4E90-AF01-2D63DDA4B80D}.Release|Any CPU.ActiveCfg = Release|Any CPU
		{C66F81B3-F39E-4E90-AF01-2D63DDA4B80D}.Release|Any CPU.Build.0 = Release|Any CPU
		{7FBADE4A-FECD-4BBF-9ED0-98C5447D5CA8}.Debug|Any CPU.ActiveCfg = Debug|Any CPU
		{7FBADE4A-FECD-4BBF-9ED0-98C5447D5CA8}.Debug|Any CPU.Build.0 = Debug|Any CPU
		{7FBADE4A-FECD-4BBF-9ED0-98C5447D5CA8}.Release|Any CPU.ActiveCfg = Release|Any CPU
		{7FBADE4A-FECD-4BBF-9ED0-98C5447D5CA8}.Release|Any CPU.Build.0 = Release|Any CPU
		{559197D0-AF0B-485B-8FEC-443040A86E49}.Debug|Any CPU.ActiveCfg = Debug|Any CPU
		{559197D0-AF0B-485B-8FEC-443040A86E49}.Debug|Any CPU.Build.0 = Debug|Any CPU
		{559197D0-AF0B-485B-8FEC-443040A86E49}.Release|Any CPU.ActiveCfg = Release|Any CPU
		{559197D0-AF0B-485B-8FEC-443040A86E49}.Release|Any CPU.Build.0 = Release|Any CPU
		{3DD76997-81DE-4A34-8CB3-002615D69107}.Debug|Any CPU.ActiveCfg = Debug|Any CPU
		{3DD76997-81DE-4A34-8CB3-002615D69107}.Debug|Any CPU.Build.0 = Debug|Any CPU
		{3DD76997-81DE-4A34-8CB3-002615D69107}.Release|Any CPU.ActiveCfg = Release|Any CPU
		{3DD76997-81DE-4A34-8CB3-002615D69107}.Release|Any CPU.Build.0 = Release|Any CPU
		{CB311CDC-3323-4D1F-A115-7FAABB979A7B}.Debug|Any CPU.ActiveCfg = Debug|Any CPU
		{CB311CDC-3323-4D1F-A115-7FAABB979A7B}.Debug|Any CPU.Build.0 = Debug|Any CPU
		{CB311CDC-3323-4D1F-A115-7FAABB979A7B}.Release|Any CPU.ActiveCfg = Release|Any CPU
		{CB311CDC-3323-4D1F-A115-7FAABB979A7B}.Release|Any CPU.Build.0 = Release|Any CPU
	EndGlobalSection
	GlobalSection(SolutionProperties) = preSolution
		HideSolutionNode = FALSE
	EndGlobalSection
	GlobalSection(NestedProjects) = preSolution
		{22DD38B7-F76F-4609-9E10-3056F19A5870} = {B140127C-5A54-4C0F-84F5-0619D925B71E}
		{ED982E22-1DA4-4091-B71B-15E1E7833875} = {B140127C-5A54-4C0F-84F5-0619D925B71E}
		{0F33F2AC-F9E7-4C2E-80AB-EC22C6390519} = {B140127C-5A54-4C0F-84F5-0619D925B71E}
		{038892DC-6C01-42C0-9D25-4720279C436D} = {B5DF849A-5773-488E-A67B-F9548E844E03}
		{C66F81B3-F39E-4E90-AF01-2D63DDA4B80D} = {B5DF849A-5773-488E-A67B-F9548E844E03}
		{7FBADE4A-FECD-4BBF-9ED0-98C5447D5CA8} = {B5DF849A-5773-488E-A67B-F9548E844E03}
		{559197D0-AF0B-485B-8FEC-443040A86E49} = {035F1EF7-1D97-4BFA-BA4B-A58C2CB9B12B}
		{3DD76997-81DE-4A34-8CB3-002615D69107} = {035F1EF7-1D97-4BFA-BA4B-A58C2CB9B12B}
		{CB311CDC-3323-4D1F-A115-7FAABB979A7B} = {035F1EF7-1D97-4BFA-BA4B-A58C2CB9B12B}
	EndGlobalSection
	GlobalSection(ExtensibilityGlobals) = postSolution
		SolutionGuid = {BF91CB73-1CC0-4B35-AA82-58D16EEE3849}
	EndGlobalSection
EndGlobal
